
Microsoft Visual Studio Solution File, Format Version 12.00
# Visual Studio 15
VisualStudioVersion = 15.0.26430.16
MinimumVisualStudioVersion = 10.0.40219.1
Project("{FAE04EC0-301F-11D3-BF4B-00C04F79EFBC}") = "GitAppAttempt14", "GitAppAttempt14\GitAppAttempt14.csproj", "{B916C8E3-C65D-4FFB-9204-CC82B2A15E66}"
EndProject
Global
	GlobalSection(SolutionConfigurationPlatforms) = preSolution
		Debug|Any CPU = Debug|Any CPU
		Release|Any CPU = Release|Any CPU
	EndGlobalSection
	GlobalSection(ProjectConfigurationPlatforms) = postSolution
		{B916C8E3-C65D-4FFB-9204-CC82B2A15E66}.Debug|Any CPU.ActiveCfg = Debug|Any CPU
		{B916C8E3-C65D-4FFB-9204-CC82B2A15E66}.Debug|Any CPU.Build.0 = Debug|Any CPU
		{B916C8E3-C65D-4FFB-9204-CC82B2A15E66}.Release|Any CPU.ActiveCfg = Release|Any CPU
		{B916C8E3-C65D-4FFB-9204-CC82B2A15E66}.Release|Any CPU.Build.0 = Release|Any CPU
	EndGlobalSection
	GlobalSection(SolutionProperties) = preSolution
		HideSolutionNode = FALSE
	EndGlobalSection
EndGlobal
